// !$*UTF8*$!
{
	archiveVersion = 1;
	classes = {
	};
	objectVersion = 46;
	objects = {

/* Begin PBXBuildFile section */
		8A12BD371E615CB600AE1552 /* file2-no5.png in Resources */ = {isa = PBXBuildFile; fileRef = 8A12BD361E615CB600AE1552 /* file2-no5.png */; };
		8A12BD391E615CEE00AE1552 /* file2-no4.png in Resources */ = {isa = PBXBuildFile; fileRef = 8A12BD381E615CEE00AE1552 /* file2-no4.png */; };
		8A12BD3B1E6163C300AE1552 /* decision17.mp3 in Resources */ = {isa = PBXBuildFile; fileRef = 8A12BD3A1E6163C300AE1552 /* decision17.mp3 */; };
		8A12BD3D1E6167E900AE1552 /* BGM179-161031-bokobokobomber-wav.wav in Resources */ = {isa = PBXBuildFile; fileRef = 8A12BD3C1E6167E900AE1552 /* BGM179-161031-bokobokobomber-wav.wav */; };
		8A36F7BC1D1E5EDD000D1078 /* yes-2.png in Resources */ = {isa = PBXBuildFile; fileRef = 8A36F7BB1D1E5EDD000D1078 /* yes-2.png */; };
		8A36F7BE1D1E5EFC000D1078 /* yes-1.png in Resources */ = {isa = PBXBuildFile; fileRef = 8A36F7BD1D1E5EFC000D1078 /* yes-1.png */; };
		8A36F7C01D1E5F0E000D1078 /* yes3.png in Resources */ = {isa = PBXBuildFile; fileRef = 8A36F7BF1D1E5F0E000D1078 /* yes3.png */; };
		8A36F7C51D1E76AB000D1078 /* no=1.png in Resources */ = {isa = PBXBuildFile; fileRef = 8A36F7C11D1E76AB000D1078 /* no=1.png */; };
		8A36F7C61D1E76AB000D1078 /* 2.png in Resources */ = {isa = PBXBuildFile; fileRef = 8A36F7C21D1E76AB000D1078 /* 2.png */; };
		8A36F7C71D1E76AB000D1078 /* 3.png in Resources */ = {isa = PBXBuildFile; fileRef = 8A36F7C31D1E76AB000D1078 /* 3.png */; };
		8A36F7C81D1E76AB000D1078 /* 4.png in Resources */ = {isa = PBXBuildFile; fileRef = 8A36F7C41D1E76AB000D1078 /* 4.png */; };
		8A36F83E1D2BFC59000D1078 /* stock-illustration-62050072-seamless-colorful-abstract-background-made-of-tetris-shapes.jpg in Resources */ = {isa = PBXBuildFile; fileRef = 8A36F83D1D2BFC59000D1078 /* stock-illustration-62050072-seamless-colorful-abstract-background-made-of-tetris-shapes.jpg */; };
		8A36F8421D2BFFED000D1078 /* nevetr.png in Resources */ = {isa = PBXBuildFile; fileRef = 8A36F8411D2BFFED000D1078 /* nevetr.png */; };
		8A36F8441D30C1E3000D1078 /* cute のコピー.png in Resources */ = {isa = PBXBuildFile; fileRef = 8A36F8431D30C1E3000D1078 /* cute のコピー.png */; };
		8A36F8461D30C1FB000D1078 /* cute.png in Resources */ = {isa = PBXBuildFile; fileRef = 8A36F8451D30C1FB000D1078 /* cute.png */; };
		8A36F8481D30C201000D1078 /* cute3.png in Resources */ = {isa = PBXBuildFile; fileRef = 8A36F8471D30C201000D1078 /* cute3.png */; };
		8A36F84A1D30C20F000D1078 /* cute2.png in Resources */ = {isa = PBXBuildFile; fileRef = 8A36F8491D30C20F000D1078 /* cute2.png */; };
		8A36F84E1D30CEFA000D1078 /* g.jpg in Resources */ = {isa = PBXBuildFile; fileRef = 8A36F84D1D30CEFA000D1078 /* g.jpg */; };
		8A36F8501D30D005000D1078 /* images.png in Resources */ = {isa = PBXBuildFile; fileRef = 8A36F84F1D30D005000D1078 /* images.png */; };
		8A4473541D0BEE9600F8FB7C /* ok.png in Resources */ = {isa = PBXBuildFile; fileRef = 8A4473531D0BEE9500F8FB7C /* ok.png */; };
		8A4473561D0BF6E600F8FB7C /* down.png in Resources */ = {isa = PBXBuildFile; fileRef = 8A4473551D0BF6E600F8FB7C /* down.png */; };
		8A4473581D0BF8B100F8FB7C /* yes.png in Resources */ = {isa = PBXBuildFile; fileRef = 8A4473571D0BF8B100F8FB7C /* yes.png */; };
		8A4A69E01D966827003CB508 /* bota-nn.png in Resources */ = {isa = PBXBuildFile; fileRef = 8A4A69DF1D966827003CB508 /* bota-nn.png */; };
		8A4D84041D4605B1000740E6 /* startViewController.swift in Sources */ = {isa = PBXBuildFile; fileRef = 8A4D84031D4605B1000740E6 /* startViewController.swift */; };
		8A5CCC351E3CB09E0055AC1E /* file3-no3.png in Resources */ = {isa = PBXBuildFile; fileRef = 8A5CCC2C1E3CB09E0055AC1E /* file3-no3.png */; };
		8A5CCC361E3CB09E0055AC1E /* file1-no1.png in Resources */ = {isa = PBXBuildFile; fileRef = 8A5CCC2D1E3CB09E0055AC1E /* file1-no1.png */; };
		8A5CCC371E3CB09E0055AC1E /* file1-no3.png in Resources */ = {isa = PBXBuildFile; fileRef = 8A5CCC2E1E3CB09E0055AC1E /* file1-no3.png */; };
		8A5CCC381E3CB09E0055AC1E /* file3-no1.png in Resources */ = {isa = PBXBuildFile; fileRef = 8A5CCC2F1E3CB09E0055AC1E /* file3-no1.png */; };
		8A5CCC391E3CB09E0055AC1E /* file2-no1.png in Resources */ = {isa = PBXBuildFile; fileRef = 8A5CCC301E3CB09E0055AC1E /* file2-no1.png */; };
		8A5CCC3A1E3CB09E0055AC1E /* file2-no2.png in Resources */ = {isa = PBXBuildFile; fileRef = 8A5CCC311E3CB09E0055AC1E /* file2-no2.png */; };
		8A5CCC3B1E3CB09E0055AC1E /* file1-no2.png in Resources */ = {isa = PBXBuildFile; fileRef = 8A5CCC321E3CB09E0055AC1E /* file1-no2.png */; };
		8A5CCC3C1E3CB09E0055AC1E /* file2-no3.png in Resources */ = {isa = PBXBuildFile; fileRef = 8A5CCC331E3CB09E0055AC1E /* file2-no3.png */; };
		8A5CCC3D1E3CB09E0055AC1E /* file3-no2.png in Resources */ = {isa = PBXBuildFile; fileRef = 8A5CCC341E3CB09E0055AC1E /* file3-no2.png */; };
		8A5CCC441E4EF7CF0055AC1E /* BoardScene.swift in Sources */ = {isa = PBXBuildFile; fileRef = 8A5CCC431E4EF7CF0055AC1E /* BoardScene.swift */; };
		8A5CCC461E4EF7FF0055AC1E /* SKViewController.swift in Sources */ = {isa = PBXBuildFile; fileRef = 8A5CCC451E4EF7FF0055AC1E /* SKViewController.swift */; };
		8A6D473D1DF29C580058711F /* test.swift in Sources */ = {isa = PBXBuildFile; fileRef = 8A6D473C1DF29C580058711F /* test.swift */; };
		8A9CD5F01CF98A69006E40B7 /* AppDelegate.swift in Sources */ = {isa = PBXBuildFile; fileRef = 8A9CD5EF1CF98A69006E40B7 /* AppDelegate.swift */; };
		8A9CD5F21CF98A69006E40B7 /* ViewController.swift in Sources */ = {isa = PBXBuildFile; fileRef = 8A9CD5F11CF98A69006E40B7 /* ViewController.swift */; };
		8A9CD5F51CF98A69006E40B7 /* Main.storyboard in Resources */ = {isa = PBXBuildFile; fileRef = 8A9CD5F31CF98A69006E40B7 /* Main.storyboard */; };
		8A9CD5F71CF98A69006E40B7 /* Assets.xcassets in Resources */ = {isa = PBXBuildFile; fileRef = 8A9CD5F61CF98A69006E40B7 /* Assets.xcassets */; };
		8A9CD5FA1CF98A69006E40B7 /* LaunchScreen.storyboard in Resources */ = {isa = PBXBuildFile; fileRef = 8A9CD5F81CF98A69006E40B7 /* LaunchScreen.storyboard */; };
		8A9CD6051CF98A69006E40B7 /* _t_sTests.swift in Sources */ = {isa = PBXBuildFile; fileRef = 8A9CD6041CF98A69006E40B7 /* _t_sTests.swift */; };
		8A9CD6101CF98A69006E40B7 /* _t_sUITests.swift in Sources */ = {isa = PBXBuildFile; fileRef = 8A9CD60F1CF98A69006E40B7 /* _t_sUITests.swift */; };
		8A9CD6591CF9AC21006E40B7 /* left.png in Resources */ = {isa = PBXBuildFile; fileRef = 8A9CD6571CF9AC21006E40B7 /* left.png */; };
		8A9CD65A1CF9AC21006E40B7 /* right.png in Resources */ = {isa = PBXBuildFile; fileRef = 8A9CD6581CF9AC21006E40B7 /* right.png */; };
		8A9CD65C1CF9AD00006E40B7 /* 1.png in Resources */ = {isa = PBXBuildFile; fileRef = 8A9CD65B1CF9AD00006E40B7 /* 1.png */; };
		8A9CD6601CF9AD8A006E40B7 /* 0.png in Resources */ = {isa = PBXBuildFile; fileRef = 8A9CD65F1CF9AD8A006E40B7 /* 0.png */; };
		8ACDD72E1D30D39D00D7406C /* gachaViewController.swift in Sources */ = {isa = PBXBuildFile; fileRef = 8ACDD72D1D30D39D00D7406C /* gachaViewController.swift */; };
		8ACDD7301D30D3AE00D7406C /* startgachaViewController.swift in Sources */ = {isa = PBXBuildFile; fileRef = 8ACDD72F1D30D3AE00D7406C /* startgachaViewController.swift */; };
		8AD06A261E052D9B0064779F /* indexViewController.swift in Sources */ = {isa = PBXBuildFile; fileRef = 8AD06A251E052D9B0064779F /* indexViewController.swift */; };
		8ADCA2551DCDED160021B3F5 /* ShapeClass.swift in Sources */ = {isa = PBXBuildFile; fileRef = 8ADCA2541DCDED160021B3F5 /* ShapeClass.swift */; };
		8AF4C28C1ED86924005D5E8E /* ha-ike-i.png in Resources */ = {isa = PBXBuildFile; fileRef = 8AF4C28B1ED86924005D5E8E /* ha-ike-i.png */; };
		8AF4C28E1ED86AE6005D5E8E /* haikeisann.png in Resources */ = {isa = PBXBuildFile; fileRef = 8AF4C28D1ED86AE6005D5E8E /* haikeisann.png */; };
		8AF4C2901ED95700005D5E8E /* FinishViewController.swift in Sources */ = {isa = PBXBuildFile; fileRef = 8AF4C28F1ED95700005D5E8E /* FinishViewController.swift */; };
		8AF4C2921ED9921F005D5E8E /* yesViewController.swift in Sources */ = {isa = PBXBuildFile; fileRef = 8AF4C2911ED9921F005D5E8E /* yesViewController.swift */; };
		8AFC61C01DA8CCDC00BD6681 /* tetlis-home.png in Resources */ = {isa = PBXBuildFile; fileRef = 8AFC61BF1DA8CCDC00BD6681 /* tetlis-home.png */; };
		8AFC61C21DA8E54700BD6681 /* tetlis-home-2.png in Resources */ = {isa = PBXBuildFile; fileRef = 8AFC61C11DA8E54600BD6681 /* tetlis-home-2.png */; };
/* End PBXBuildFile section */

/* Begin PBXContainerItemProxy section */
		8A9CD6011CF98A69006E40B7 /* PBXContainerItemProxy */ = {
			isa = PBXContainerItemProxy;
			containerPortal = 8A9CD5E41CF98A69006E40B7 /* Project object */;
			proxyType = 1;
			remoteGlobalIDString = 8A9CD5EB1CF98A69006E40B7;
			remoteInfo = "てtりs";
		};
		8A9CD60C1CF98A69006E40B7 /* PBXContainerItemProxy */ = {
			isa = PBXContainerItemProxy;
			containerPortal = 8A9CD5E41CF98A69006E40B7 /* Project object */;
			proxyType = 1;
			remoteGlobalIDString = 8A9CD5EB1CF98A69006E40B7;
			remoteInfo = "てtりs";
		};
/* End PBXContainerItemProxy section */

/* Begin PBXFileReference section */
		8A12BD361E615CB600AE1552 /* file2-no5.png */ = {isa = PBXFileReference; lastKnownFileType = image.png; path = "file2-no5.png"; sourceTree = "<group>"; };
		8A12BD381E615CEE00AE1552 /* file2-no4.png */ = {isa = PBXFileReference; lastKnownFileType = image.png; path = "file2-no4.png"; sourceTree = "<group>"; };
		8A12BD3A1E6163C300AE1552 /* decision17.mp3 */ = {isa = PBXFileReference; lastKnownFileType = audio.mp3; path = decision17.mp3; sourceTree = "<group>"; };
		8A12BD3C1E6167E900AE1552 /* BGM179-161031-bokobokobomber-wav.wav */ = {isa = PBXFileReference; lastKnownFileType = audio.wav; path = "BGM179-161031-bokobokobomber-wav.wav"; sourceTree = "<group>"; };
		8A36F7BB1D1E5EDD000D1078 /* yes-2.png */ = {isa = PBXFileReference; lastKnownFileType = image.png; path = "yes-2.png"; sourceTree = "<group>"; };
		8A36F7BD1D1E5EFC000D1078 /* yes-1.png */ = {isa = PBXFileReference; lastKnownFileType = image.png; path = "yes-1.png"; sourceTree = "<group>"; };
		8A36F7BF1D1E5F0E000D1078 /* yes3.png */ = {isa = PBXFileReference; lastKnownFileType = image.png; path = yes3.png; sourceTree = "<group>"; };
		8A36F7C11D1E76AB000D1078 /* no=1.png */ = {isa = PBXFileReference; lastKnownFileType = image.png; path = "no=1.png"; sourceTree = "<group>"; };
		8A36F7C21D1E76AB000D1078 /* 2.png */ = {isa = PBXFileReference; lastKnownFileType = image.png; path = 2.png; sourceTree = "<group>"; };
		8A36F7C31D1E76AB000D1078 /* 3.png */ = {isa = PBXFileReference; lastKnownFileType = image.png; path = 3.png; sourceTree = "<group>"; };
		8A36F7C41D1E76AB000D1078 /* 4.png */ = {isa = PBXFileReference; lastKnownFileType = image.png; path = 4.png; sourceTree = "<group>"; };
		8A36F83D1D2BFC59000D1078 /* stock-illustration-62050072-seamless-colorful-abstract-background-made-of-tetris-shapes.jpg */ = {isa = PBXFileReference; lastKnownFileType = image.jpeg; path = "stock-illustration-62050072-seamless-colorful-abstract-background-made-of-tetris-shapes.jpg"; sourceTree = "<group>"; };
		8A36F8411D2BFFED000D1078 /* nevetr.png */ = {isa = PBXFileReference; lastKnownFileType = image.png; path = nevetr.png; sourceTree = "<group>"; };
		8A36F8431D30C1E3000D1078 /* cute のコピー.png */ = {isa = PBXFileReference; lastKnownFileType = image.png; path = "cute のコピー.png"; sourceTree = "<group>"; };
		8A36F8451D30C1FB000D1078 /* cute.png */ = {isa = PBXFileReference; lastKnownFileType = image.png; path = cute.png; sourceTree = "<group>"; };
		8A36F8471D30C201000D1078 /* cute3.png */ = {isa = PBXFileReference; lastKnownFileType = image.png; path = cute3.png; sourceTree = "<group>"; };
		8A36F8491D30C20F000D1078 /* cute2.png */ = {isa = PBXFileReference; lastKnownFileType = image.png; path = cute2.png; sourceTree = "<group>"; };
		8A36F84D1D30CEFA000D1078 /* g.jpg */ = {isa = PBXFileReference; lastKnownFileType = image.jpeg; path = g.jpg; sourceTree = "<group>"; };
		8A36F84F1D30D005000D1078 /* images.png */ = {isa = PBXFileReference; lastKnownFileType = image.png; path = images.png; sourceTree = "<group>"; };
		8A4473531D0BEE9500F8FB7C /* ok.png */ = {isa = PBXFileReference; lastKnownFileType = image.png; path = ok.png; sourceTree = "<group>"; };
		8A4473551D0BF6E600F8FB7C /* down.png */ = {isa = PBXFileReference; lastKnownFileType = image.png; path = down.png; sourceTree = "<group>"; };
		8A4473571D0BF8B100F8FB7C /* yes.png */ = {isa = PBXFileReference; lastKnownFileType = image.png; path = yes.png; sourceTree = "<group>"; };
		8A4A69DF1D966827003CB508 /* bota-nn.png */ = {isa = PBXFileReference; lastKnownFileType = image.png; path = "bota-nn.png"; sourceTree = "<group>"; };
		8A4D84031D4605B1000740E6 /* startViewController.swift */ = {isa = PBXFileReference; fileEncoding = 4; lastKnownFileType = sourcecode.swift; path = startViewController.swift; sourceTree = "<group>"; };
		8A5CCC2C1E3CB09E0055AC1E /* file3-no3.png */ = {isa = PBXFileReference; lastKnownFileType = image.png; path = "file3-no3.png"; sourceTree = "<group>"; };
		8A5CCC2D1E3CB09E0055AC1E /* file1-no1.png */ = {isa = PBXFileReference; lastKnownFileType = image.png; path = "file1-no1.png"; sourceTree = "<group>"; };
		8A5CCC2E1E3CB09E0055AC1E /* file1-no3.png */ = {isa = PBXFileReference; lastKnownFileType = image.png; path = "file1-no3.png"; sourceTree = "<group>"; };
		8A5CCC2F1E3CB09E0055AC1E /* file3-no1.png */ = {isa = PBXFileReference; lastKnownFileType = image.png; path = "file3-no1.png"; sourceTree = "<group>"; };
		8A5CCC301E3CB09E0055AC1E /* file2-no1.png */ = {isa = PBXFileReference; lastKnownFileType = image.png; path = "file2-no1.png"; sourceTree = "<group>"; };
		8A5CCC311E3CB09E0055AC1E /* file2-no2.png */ = {isa = PBXFileReference; lastKnownFileType = image.png; path = "file2-no2.png"; sourceTree = "<group>"; };
		8A5CCC321E3CB09E0055AC1E /* file1-no2.png */ = {isa = PBXFileReference; lastKnownFileType = image.png; path = "file1-no2.png"; sourceTree = "<group>"; };
		8A5CCC331E3CB09E0055AC1E /* file2-no3.png */ = {isa = PBXFileReference; lastKnownFileType = image.png; path = "file2-no3.png"; sourceTree = "<group>"; };
		8A5CCC341E3CB09E0055AC1E /* file3-no2.png */ = {isa = PBXFileReference; lastKnownFileType = image.png; path = "file3-no2.png"; sourceTree = "<group>"; };
		8A5CCC431E4EF7CF0055AC1E /* BoardScene.swift */ = {isa = PBXFileReference; fileEncoding = 4; lastKnownFileType = sourcecode.swift; path = BoardScene.swift; sourceTree = "<group>"; };
		8A5CCC451E4EF7FF0055AC1E /* SKViewController.swift */ = {isa = PBXFileReference; fileEncoding = 4; lastKnownFileType = sourcecode.swift; path = SKViewController.swift; sourceTree = "<group>"; };
		8A6D473C1DF29C580058711F /* test.swift */ = {isa = PBXFileReference; fileEncoding = 4; lastKnownFileType = sourcecode.swift; path = test.swift; sourceTree = "<group>"; };
		8A9CD5EC1CF98A69006E40B7 /* てtりs.app */ = {isa = PBXFileReference; explicitFileType = wrapper.application; includeInIndex = 0; path = "てtりs.app"; sourceTree = BUILT_PRODUCTS_DIR; };
		8A9CD5EF1CF98A69006E40B7 /* AppDelegate.swift */ = {isa = PBXFileReference; lastKnownFileType = sourcecode.swift; path = AppDelegate.swift; sourceTree = "<group>"; };
		8A9CD5F11CF98A69006E40B7 /* ViewController.swift */ = {isa = PBXFileReference; lastKnownFileType = sourcecode.swift; path = ViewController.swift; sourceTree = "<group>"; };
		8A9CD5F41CF98A69006E40B7 /* Base */ = {isa = PBXFileReference; lastKnownFileType = file.storyboard; name = Base; path = Base.lproj/Main.storyboard; sourceTree = "<group>"; };
		8A9CD5F61CF98A69006E40B7 /* Assets.xcassets */ = {isa = PBXFileReference; lastKnownFileType = folder.assetcatalog; path = Assets.xcassets; sourceTree = "<group>"; };
		8A9CD5F91CF98A69006E40B7 /* Base */ = {isa = PBXFileReference; lastKnownFileType = file.storyboard; name = Base; path = Base.lproj/LaunchScreen.storyboard; sourceTree = "<group>"; };
		8A9CD5FB1CF98A69006E40B7 /* Info.plist */ = {isa = PBXFileReference; lastKnownFileType = text.plist.xml; path = Info.plist; sourceTree = "<group>"; };
		8A9CD6001CF98A69006E40B7 /* てtりsTests.xctest */ = {isa = PBXFileReference; explicitFileType = wrapper.cfbundle; includeInIndex = 0; path = "てtりsTests.xctest"; sourceTree = BUILT_PRODUCTS_DIR; };
		8A9CD6041CF98A69006E40B7 /* _t_sTests.swift */ = {isa = PBXFileReference; lastKnownFileType = sourcecode.swift; path = _t_sTests.swift; sourceTree = "<group>"; };
		8A9CD6061CF98A69006E40B7 /* Info.plist */ = {isa = PBXFileReference; lastKnownFileType = text.plist.xml; path = Info.plist; sourceTree = "<group>"; };
		8A9CD60B1CF98A69006E40B7 /* てtりsUITests.xctest */ = {isa = PBXFileReference; explicitFileType = wrapper.cfbundle; includeInIndex = 0; path = "てtりsUITests.xctest"; sourceTree = BUILT_PRODUCTS_DIR; };
		8A9CD60F1CF98A69006E40B7 /* _t_sUITests.swift */ = {isa = PBXFileReference; lastKnownFileType = sourcecode.swift; path = _t_sUITests.swift; sourceTree = "<group>"; };
		8A9CD6111CF98A69006E40B7 /* Info.plist */ = {isa = PBXFileReference; lastKnownFileType = text.plist.xml; path = Info.plist; sourceTree = "<group>"; };
		8A9CD6571CF9AC21006E40B7 /* left.png */ = {isa = PBXFileReference; lastKnownFileType = image.png; path = left.png; sourceTree = "<group>"; };
		8A9CD6581CF9AC21006E40B7 /* right.png */ = {isa = PBXFileReference; lastKnownFileType = image.png; path = right.png; sourceTree = "<group>"; };
		8A9CD65B1CF9AD00006E40B7 /* 1.png */ = {isa = PBXFileReference; lastKnownFileType = image.png; path = 1.png; sourceTree = "<group>"; };
		8A9CD65F1CF9AD8A006E40B7 /* 0.png */ = {isa = PBXFileReference; lastKnownFileType = image.png; path = 0.png; sourceTree = "<group>"; };
		8ACDD72D1D30D39D00D7406C /* gachaViewController.swift */ = {isa = PBXFileReference; fileEncoding = 4; lastKnownFileType = sourcecode.swift; path = gachaViewController.swift; sourceTree = "<group>"; };
		8ACDD72F1D30D3AE00D7406C /* startgachaViewController.swift */ = {isa = PBXFileReference; fileEncoding = 4; lastKnownFileType = sourcecode.swift; path = startgachaViewController.swift; sourceTree = "<group>"; };
		8AD06A251E052D9B0064779F /* indexViewController.swift */ = {isa = PBXFileReference; fileEncoding = 4; lastKnownFileType = sourcecode.swift; path = indexViewController.swift; sourceTree = "<group>"; };
		8ADCA2541DCDED160021B3F5 /* ShapeClass.swift */ = {isa = PBXFileReference; fileEncoding = 4; lastKnownFileType = sourcecode.swift; path = ShapeClass.swift; sourceTree = "<group>"; };
		8AF4C28B1ED86924005D5E8E /* ha-ike-i.png */ = {isa = PBXFileReference; lastKnownFileType = image.png; path = "ha-ike-i.png"; sourceTree = "<group>"; };
		8AF4C28D1ED86AE6005D5E8E /* haikeisann.png */ = {isa = PBXFileReference; lastKnownFileType = image.png; path = haikeisann.png; sourceTree = "<group>"; };
		8AF4C28F1ED95700005D5E8E /* FinishViewController.swift */ = {isa = PBXFileReference; fileEncoding = 4; lastKnownFileType = sourcecode.swift; path = FinishViewController.swift; sourceTree = "<group>"; };
		8AF4C2911ED9921F005D5E8E /* yesViewController.swift */ = {isa = PBXFileReference; fileEncoding = 4; lastKnownFileType = sourcecode.swift; name = yesViewController.swift; path = ../yesViewController.swift; sourceTree = "<group>"; };
		8AFC61BF1DA8CCDC00BD6681 /* tetlis-home.png */ = {isa = PBXFileReference; lastKnownFileType = image.png; path = "tetlis-home.png"; sourceTree = "<group>"; };
		8AFC61C11DA8E54600BD6681 /* tetlis-home-2.png */ = {isa = PBXFileReference; lastKnownFileType = image.png; path = "tetlis-home-2.png"; sourceTree = "<group>"; };
/* End PBXFileReference section */

/* Begin PBXFrameworksBuildPhase section */
		8A9CD5E91CF98A69006E40B7 /* Frameworks */ = {
			isa = PBXFrameworksBuildPhase;
			buildActionMask = 2147483647;
			files = (
			);
			runOnlyForDeploymentPostprocessing = 0;
		};
		8A9CD5FD1CF98A69006E40B7 /* Frameworks */ = {
			isa = PBXFrameworksBuildPhase;
			buildActionMask = 2147483647;
			files = (
			);
			runOnlyForDeploymentPostprocessing = 0;
		};
		8A9CD6081CF98A69006E40B7 /* Frameworks */ = {
			isa = PBXFrameworksBuildPhase;
			buildActionMask = 2147483647;
			files = (
			);
			runOnlyForDeploymentPostprocessing = 0;
		};
/* End PBXFrameworksBuildPhase section */

/* Begin PBXGroup section */
		8A5CCC2B1E3CB0920055AC1E /* item */ = {
			isa = PBXGroup;
			children = (
				8A5CCC401E3CB50C0055AC1E /* file 3 */,
				8A5CCC3F1E3CB4F70055AC1E /* file 2 */,
				8A5CCC3E1E3CB4D70055AC1E /* file 1 */,
			);
			name = item;
			sourceTree = "<group>";
		};
		8A5CCC3E1E3CB4D70055AC1E /* file 1 */ = {
			isa = PBXGroup;
			children = (
				8A5CCC2D1E3CB09E0055AC1E /* file1-no1.png */,
				8A5CCC321E3CB09E0055AC1E /* file1-no2.png */,
				8A5CCC2E1E3CB09E0055AC1E /* file1-no3.png */,
			);
			name = "file 1";
			sourceTree = "<group>";
		};
		8A5CCC3F1E3CB4F70055AC1E /* file 2 */ = {
			isa = PBXGroup;
			children = (
				8A5CCC301E3CB09E0055AC1E /* file2-no1.png */,
				8A5CCC311E3CB09E0055AC1E /* file2-no2.png */,
				8A5CCC331E3CB09E0055AC1E /* file2-no3.png */,
				8A12BD381E615CEE00AE1552 /* file2-no4.png */,
				8A12BD361E615CB600AE1552 /* file2-no5.png */,
			);
			name = "file 2";
			sourceTree = "<group>";
		};
		8A5CCC401E3CB50C0055AC1E /* file 3 */ = {
			isa = PBXGroup;
			children = (
				8A5CCC2F1E3CB09E0055AC1E /* file3-no1.png */,
				8A5CCC341E3CB09E0055AC1E /* file3-no2.png */,
				8A5CCC2C1E3CB09E0055AC1E /* file3-no3.png */,
			);
			name = "file 3";
			sourceTree = "<group>";
		};
		8A90833C1D433888007933A3 /* images */ = {
			isa = PBXGroup;
			children = (
				8AF4C28D1ED86AE6005D5E8E /* haikeisann.png */,
				8AF4C28B1ED86924005D5E8E /* ha-ike-i.png */,
				8A5CCC2B1E3CB0920055AC1E /* item */,
				8A4A69DF1D966827003CB508 /* bota-nn.png */,
				8A36F84F1D30D005000D1078 /* images.png */,
				8A36F84D1D30CEFA000D1078 /* g.jpg */,
				8A36F8491D30C20F000D1078 /* cute2.png */,
				8A36F8451D30C1FB000D1078 /* cute.png */,
				8A36F8431D30C1E3000D1078 /* cute のコピー.png */,
				8A36F8471D30C201000D1078 /* cute3.png */,
				8A36F83D1D2BFC59000D1078 /* stock-illustration-62050072-seamless-colorful-abstract-background-made-of-tetris-shapes.jpg */,
				8A36F8411D2BFFED000D1078 /* nevetr.png */,
				8A36F7C11D1E76AB000D1078 /* no=1.png */,
				8AFC61BF1DA8CCDC00BD6681 /* tetlis-home.png */,
				8AFC61C11DA8E54600BD6681 /* tetlis-home-2.png */,
				8A36F7C21D1E76AB000D1078 /* 2.png */,
				8A36F7C31D1E76AB000D1078 /* 3.png */,
				8A36F7C41D1E76AB000D1078 /* 4.png */,
				8A36F7BD1D1E5EFC000D1078 /* yes-1.png */,
				8A36F7BF1D1E5F0E000D1078 /* yes3.png */,
				8A36F7BB1D1E5EDD000D1078 /* yes-2.png */,
				8A4473571D0BF8B100F8FB7C /* yes.png */,
				8A4473551D0BF6E600F8FB7C /* down.png */,
				8A9CD65B1CF9AD00006E40B7 /* 1.png */,
				8A4473531D0BEE9500F8FB7C /* ok.png */,
				8A9CD65F1CF9AD8A006E40B7 /* 0.png */,
				8A9CD6571CF9AC21006E40B7 /* left.png */,
				8A9CD6581CF9AC21006E40B7 /* right.png */,
				8A12BD3A1E6163C300AE1552 /* decision17.mp3 */,
				8A12BD3C1E6167E900AE1552 /* BGM179-161031-bokobokobomber-wav.wav */,
			);
			name = images;
			sourceTree = "<group>";
		};
		8A9CD5E31CF98A69006E40B7 = {
			isa = PBXGroup;
			children = (
				8A9CD5EE1CF98A69006E40B7 /* てtりs */,
				8A9CD60E1CF98A69006E40B7 /* てtりsUITests */,
				8A9CD5ED1CF98A69006E40B7 /* Products */,
			);
			sourceTree = "<group>";
		};
		8A9CD5ED1CF98A69006E40B7 /* Products */ = {
			isa = PBXGroup;
			children = (
				8A9CD5EC1CF98A69006E40B7 /* てtりs.app */,
				8A9CD6001CF98A69006E40B7 /* てtりsTests.xctest */,
				8A9CD60B1CF98A69006E40B7 /* てtりsUITests.xctest */,
			);
			name = Products;
			sourceTree = "<group>";
		};
		8A9CD5EE1CF98A69006E40B7 /* てtりs */ = {
			isa = PBXGroup;
			children = (
				8A90833C1D433888007933A3 /* images */,
				8A9CD5EF1CF98A69006E40B7 /* AppDelegate.swift */,
				8A9CD5F11CF98A69006E40B7 /* ViewController.swift */,
				8AF4C2911ED9921F005D5E8E /* yesViewController.swift */,
				8AF4C28F1ED95700005D5E8E /* FinishViewController.swift */,
				8ADCA2541DCDED160021B3F5 /* ShapeClass.swift */,
				8A9CD5F31CF98A69006E40B7 /* Main.storyboard */,
				8A9CD5F61CF98A69006E40B7 /* Assets.xcassets */,
				8A5CCC451E4EF7FF0055AC1E /* SKViewController.swift */,
				8A5CCC431E4EF7CF0055AC1E /* BoardScene.swift */,
				8A9CD5F81CF98A69006E40B7 /* LaunchScreen.storyboard */,
				8A9CD5FB1CF98A69006E40B7 /* Info.plist */,
				8ACDD72D1D30D39D00D7406C /* gachaViewController.swift */,
				8ACDD72F1D30D3AE00D7406C /* startgachaViewController.swift */,
				8A4D84031D4605B1000740E6 /* startViewController.swift */,
				8A6D473C1DF29C580058711F /* test.swift */,
				8AD06A251E052D9B0064779F /* indexViewController.swift */,
				8A9CD6031CF98A69006E40B7 /* てtりsTests */,
			);
			path = "てtりs";
			sourceTree = "<group>";
		};
		8A9CD6031CF98A69006E40B7 /* てtりsTests */ = {
			isa = PBXGroup;
			children = (
				8A9CD6041CF98A69006E40B7 /* _t_sTests.swift */,
				8A9CD6061CF98A69006E40B7 /* Info.plist */,
			);
			path = "てtりsTests";
			sourceTree = SOURCE_ROOT;
		};
		8A9CD60E1CF98A69006E40B7 /* てtりsUITests */ = {
			isa = PBXGroup;
			children = (
				8A9CD60F1CF98A69006E40B7 /* _t_sUITests.swift */,
				8A9CD6111CF98A69006E40B7 /* Info.plist */,
			);
			path = "てtりsUITests";
			sourceTree = "<group>";
		};
/* End PBXGroup section */

/* Begin PBXNativeTarget section */
		8A9CD5EB1CF98A69006E40B7 /* てtりs */ = {
			isa = PBXNativeTarget;
			buildConfigurationList = 8A9CD6141CF98A69006E40B7 /* Build configuration list for PBXNativeTarget "てtりs" */;
			buildPhases = (
				8A9CD5E81CF98A69006E40B7 /* Sources */,
				8A9CD5E91CF98A69006E40B7 /* Frameworks */,
				8A9CD5EA1CF98A69006E40B7 /* Resources */,
			);
			buildRules = (
			);
			dependencies = (
			);
			name = "てtりs";
			productName = "てtりs";
			productReference = 8A9CD5EC1CF98A69006E40B7 /* てtりs.app */;
			productType = "com.apple.product-type.application";
		};
		8A9CD5FF1CF98A69006E40B7 /* てtりsTests */ = {
			isa = PBXNativeTarget;
			buildConfigurationList = 8A9CD6171CF98A69006E40B7 /* Build configuration list for PBXNativeTarget "てtりsTests" */;
			buildPhases = (
				8A9CD5FC1CF98A69006E40B7 /* Sources */,
				8A9CD5FD1CF98A69006E40B7 /* Frameworks */,
				8A9CD5FE1CF98A69006E40B7 /* Resources */,
			);
			buildRules = (
			);
			dependencies = (
				8A9CD6021CF98A69006E40B7 /* PBXTargetDependency */,
			);
			name = "てtりsTests";
			productName = "てtりsTests";
			productReference = 8A9CD6001CF98A69006E40B7 /* てtりsTests.xctest */;
			productType = "com.apple.product-type.bundle.unit-test";
		};
		8A9CD60A1CF98A69006E40B7 /* てtりsUITests */ = {
			isa = PBXNativeTarget;
			buildConfigurationList = 8A9CD61A1CF98A69006E40B7 /* Build configuration list for PBXNativeTarget "てtりsUITests" */;
			buildPhases = (
				8A9CD6071CF98A69006E40B7 /* Sources */,
				8A9CD6081CF98A69006E40B7 /* Frameworks */,
				8A9CD6091CF98A69006E40B7 /* Resources */,
			);
			buildRules = (
			);
			dependencies = (
				8A9CD60D1CF98A69006E40B7 /* PBXTargetDependency */,
			);
			name = "てtりsUITests";
			productName = "てtりsUITests";
			productReference = 8A9CD60B1CF98A69006E40B7 /* てtりsUITests.xctest */;
			productType = "com.apple.product-type.bundle.ui-testing";
		};
/* End PBXNativeTarget section */

/* Begin PBXProject section */
		8A9CD5E41CF98A69006E40B7 /* Project object */ = {
			isa = PBXProject;
			attributes = {
				LastSwiftUpdateCheck = 0710;
				LastUpgradeCheck = 0710;
				ORGANIZATIONNAME = "上住悠生";
				TargetAttributes = {
					8A9CD5EB1CF98A69006E40B7 = {
						CreatedOnToolsVersion = 7.1.1;
						LastSwiftMigration = 0810;
					};
					8A9CD5FF1CF98A69006E40B7 = {
						CreatedOnToolsVersion = 7.1.1;
						DevelopmentTeam = BFG37473H4;
						LastSwiftMigration = 0810;
						TestTargetID = 8A9CD5EB1CF98A69006E40B7;
					};
					8A9CD60A1CF98A69006E40B7 = {
						CreatedOnToolsVersion = 7.1.1;
						DevelopmentTeam = BFG37473H4;
						LastSwiftMigration = 0810;
						TestTargetID = 8A9CD5EB1CF98A69006E40B7;
					};
				};
			};
			buildConfigurationList = 8A9CD5E71CF98A69006E40B7 /* Build configuration list for PBXProject "てtりs" */;
			compatibilityVersion = "Xcode 3.2";
			developmentRegion = English;
			hasScannedForEncodings = 0;
			knownRegions = (
				en,
				Base,
			);
			mainGroup = 8A9CD5E31CF98A69006E40B7;
			productRefGroup = 8A9CD5ED1CF98A69006E40B7 /* Products */;
			projectDirPath = "";
			projectRoot = "";
			targets = (
				8A9CD5EB1CF98A69006E40B7 /* てtりs */,
				8A9CD5FF1CF98A69006E40B7 /* てtりsTests */,
				8A9CD60A1CF98A69006E40B7 /* てtりsUITests */,
			);
		};
/* End PBXProject section */

/* Begin PBXResourcesBuildPhase section */
		8A9CD5EA1CF98A69006E40B7 /* Resources */ = {
			isa = PBXResourcesBuildPhase;
			buildActionMask = 2147483647;
			files = (
				8AF4C28E1ED86AE6005D5E8E /* haikeisann.png in Resources */,
				8A12BD371E615CB600AE1552 /* file2-no5.png in Resources */,
				8A36F7C51D1E76AB000D1078 /* no=1.png in Resources */,
				8A9CD65A1CF9AC21006E40B7 /* right.png in Resources */,
				8A5CCC391E3CB09E0055AC1E /* file2-no1.png in Resources */,
				8A5CCC3C1E3CB09E0055AC1E /* file2-no3.png in Resources */,
				8A36F8501D30D005000D1078 /* images.png in Resources */,
				8A9CD5FA1CF98A69006E40B7 /* LaunchScreen.storyboard in Resources */,
				8AFC61C21DA8E54700BD6681 /* tetlis-home-2.png in Resources */,
				8AFC61C01DA8CCDC00BD6681 /* tetlis-home.png in Resources */,
				8A5CCC381E3CB09E0055AC1E /* file3-no1.png in Resources */,
				8A36F7C81D1E76AB000D1078 /* 4.png in Resources */,
				8A36F8421D2BFFED000D1078 /* nevetr.png in Resources */,
				8A12BD3B1E6163C300AE1552 /* decision17.mp3 in Resources */,
				8A36F83E1D2BFC59000D1078 /* stock-illustration-62050072-seamless-colorful-abstract-background-made-of-tetris-shapes.jpg in Resources */,
				8A4473561D0BF6E600F8FB7C /* down.png in Resources */,
				8A5CCC361E3CB09E0055AC1E /* file1-no1.png in Resources */,
				8A36F8481D30C201000D1078 /* cute3.png in Resources */,
				8A5CCC3B1E3CB09E0055AC1E /* file1-no2.png in Resources */,
				8A36F7BE1D1E5EFC000D1078 /* yes-1.png in Resources */,
				8A9CD5F71CF98A69006E40B7 /* Assets.xcassets in Resources */,
				8A5CCC3D1E3CB09E0055AC1E /* file3-no2.png in Resources */,
				8A4473541D0BEE9600F8FB7C /* ok.png in Resources */,
				8A36F7C01D1E5F0E000D1078 /* yes3.png in Resources */,
				8A36F7C71D1E76AB000D1078 /* 3.png in Resources */,
				8A4473581D0BF8B100F8FB7C /* yes.png in Resources */,
				8A36F84A1D30C20F000D1078 /* cute2.png in Resources */,
				8A9CD6601CF9AD8A006E40B7 /* 0.png in Resources */,
				8A12BD391E615CEE00AE1552 /* file2-no4.png in Resources */,
				8A12BD3D1E6167E900AE1552 /* BGM179-161031-bokobokobomber-wav.wav in Resources */,
				8A9CD65C1CF9AD00006E40B7 /* 1.png in Resources */,
				8AF4C28C1ED86924005D5E8E /* ha-ike-i.png in Resources */,
				8A36F8461D30C1FB000D1078 /* cute.png in Resources */,
				8A5CCC351E3CB09E0055AC1E /* file3-no3.png in Resources */,
				8A36F7C61D1E76AB000D1078 /* 2.png in Resources */,
				8A9CD6591CF9AC21006E40B7 /* left.png in Resources */,
				8A36F84E1D30CEFA000D1078 /* g.jpg in Resources */,
				8A5CCC3A1E3CB09E0055AC1E /* file2-no2.png in Resources */,
				8A36F7BC1D1E5EDD000D1078 /* yes-2.png in Resources */,
				8A5CCC371E3CB09E0055AC1E /* file1-no3.png in Resources */,
				8A4A69E01D966827003CB508 /* bota-nn.png in Resources */,
				8A9CD5F51CF98A69006E40B7 /* Main.storyboard in Resources */,
				8A36F8441D30C1E3000D1078 /* cute のコピー.png in Resources */,
			);
			runOnlyForDeploymentPostprocessing = 0;
		};
		8A9CD5FE1CF98A69006E40B7 /* Resources */ = {
			isa = PBXResourcesBuildPhase;
			buildActionMask = 2147483647;
			files = (
			);
			runOnlyForDeploymentPostprocessing = 0;
		};
		8A9CD6091CF98A69006E40B7 /* Resources */ = {
			isa = PBXResourcesBuildPhase;
			buildActionMask = 2147483647;
			files = (
			);
			runOnlyForDeploymentPostprocessing = 0;
		};
/* End PBXResourcesBuildPhase section */

/* Begin PBXSourcesBuildPhase section */
		8A9CD5E81CF98A69006E40B7 /* Sources */ = {
			isa = PBXSourcesBuildPhase;
			buildActionMask = 2147483647;
			files = (
				8A9CD5F21CF98A69006E40B7 /* ViewController.swift in Sources */,
				8A6D473D1DF29C580058711F /* test.swift in Sources */,
				8AF4C2921ED9921F005D5E8E /* yesViewController.swift in Sources */,
				8A4D84041D4605B1000740E6 /* startViewController.swift in Sources */,
				8ACDD72E1D30D39D00D7406C /* gachaViewController.swift in Sources */,
				8A5CCC461E4EF7FF0055AC1E /* SKViewController.swift in Sources */,
				8ACDD7301D30D3AE00D7406C /* startgachaViewController.swift in Sources */,
				8AD06A261E052D9B0064779F /* indexViewController.swift in Sources */,
				8A5CCC441E4EF7CF0055AC1E /* BoardScene.swift in Sources */,
				8ADCA2551DCDED160021B3F5 /* ShapeClass.swift in Sources */,
				8A9CD5F01CF98A69006E40B7 /* AppDelegate.swift in Sources */,
				8AF4C2901ED95700005D5E8E /* FinishViewController.swift in Sources */,
			);
			runOnlyForDeploymentPostprocessing = 0;
		};
		8A9CD5FC1CF98A69006E40B7 /* Sources */ = {
			isa = PBXSourcesBuildPhase;
			buildActionMask = 2147483647;
			files = (
				8A9CD6051CF98A69006E40B7 /* _t_sTests.swift in Sources */,
			);
			runOnlyForDeploymentPostprocessing = 0;
		};
		8A9CD6071CF98A69006E40B7 /* Sources */ = {
			isa = PBXSourcesBuildPhase;
			buildActionMask = 2147483647;
			files = (
				8A9CD6101CF98A69006E40B7 /* _t_sUITests.swift in Sources */,
			);
			runOnlyForDeploymentPostprocessing = 0;
		};
/* End PBXSourcesBuildPhase section */

/* Begin PBXTargetDependency section */
		8A9CD6021CF98A69006E40B7 /* PBXTargetDependency */ = {
			isa = PBXTargetDependency;
			target = 8A9CD5EB1CF98A69006E40B7 /* てtりs */;
			targetProxy = 8A9CD6011CF98A69006E40B7 /* PBXContainerItemProxy */;
		};
		8A9CD60D1CF98A69006E40B7 /* PBXTargetDependency */ = {
			isa = PBXTargetDependency;
			target = 8A9CD5EB1CF98A69006E40B7 /* てtりs */;
			targetProxy = 8A9CD60C1CF98A69006E40B7 /* PBXContainerItemProxy */;
		};
/* End PBXTargetDependency section */

/* Begin PBXVariantGroup section */
		8A9CD5F31CF98A69006E40B7 /* Main.storyboard */ = {
			isa = PBXVariantGroup;
			children = (
				8A9CD5F41CF98A69006E40B7 /* Base */,
			);
			name = Main.storyboard;
			sourceTree = "<group>";
		};
		8A9CD5F81CF98A69006E40B7 /* LaunchScreen.storyboard */ = {
			isa = PBXVariantGroup;
			children = (
				8A9CD5F91CF98A69006E40B7 /* Base */,
			);
			name = LaunchScreen.storyboard;
			sourceTree = "<group>";
		};
/* End PBXVariantGroup section */

/* Begin XCBuildConfiguration section */
		8A9CD6121CF98A69006E40B7 /* Debug */ = {
			isa = XCBuildConfiguration;
			buildSettings = {
				ALWAYS_SEARCH_USER_PATHS = NO;
				CLANG_CXX_LANGUAGE_STANDARD = "gnu++0x";
				CLANG_CXX_LIBRARY = "libc++";
				CLANG_ENABLE_MODULES = YES;
				CLANG_ENABLE_OBJC_ARC = YES;
				CLANG_WARN_BOOL_CONVERSION = YES;
				CLANG_WARN_CONSTANT_CONVERSION = YES;
				CLANG_WARN_DIRECT_OBJC_ISA_USAGE = YES_ERROR;
				CLANG_WARN_EMPTY_BODY = YES;
				CLANG_WARN_ENUM_CONVERSION = YES;
				CLANG_WARN_INT_CONVERSION = YES;
				CLANG_WARN_OBJC_ROOT_CLASS = YES_ERROR;
				CLANG_WARN_UNREACHABLE_CODE = YES;
				CLANG_WARN__DUPLICATE_METHOD_MATCH = YES;
				"CODE_SIGN_IDENTITY[sdk=iphoneos*]" = "iPhone Developer";
				COPY_PHASE_STRIP = NO;
				DEBUG_INFORMATION_FORMAT = dwarf;
				ENABLE_STRICT_OBJC_MSGSEND = YES;
				ENABLE_TESTABILITY = YES;
				GCC_C_LANGUAGE_STANDARD = gnu99;
				GCC_DYNAMIC_NO_PIC = NO;
				GCC_NO_COMMON_BLOCKS = YES;
				GCC_OPTIMIZATION_LEVEL = 0;
				GCC_PREPROCESSOR_DEFINITIONS = (
					"DEBUG=1",
					"$(inherited)",
				);
				GCC_WARN_64_TO_32_BIT_CONVERSION = YES;
				GCC_WARN_ABOUT_RETURN_TYPE = YES_ERROR;
				GCC_WARN_UNDECLARED_SELECTOR = YES;
				GCC_WARN_UNINITIALIZED_AUTOS = YES_AGGRESSIVE;
				GCC_WARN_UNUSED_FUNCTION = YES;
				GCC_WARN_UNUSED_VARIABLE = YES;
				IPHONEOS_DEPLOYMENT_TARGET = 9.1;
				MTL_ENABLE_DEBUG_INFO = YES;
				ONLY_ACTIVE_ARCH = YES;
				SDKROOT = iphoneos;
				SWIFT_OPTIMIZATION_LEVEL = "-Onone";
			};
			name = Debug;
		};
		8A9CD6131CF98A69006E40B7 /* Release */ = {
			isa = XCBuildConfiguration;
			buildSettings = {
				ALWAYS_SEARCH_USER_PATHS = NO;
				CLANG_CXX_LANGUAGE_STANDARD = "gnu++0x";
				CLANG_CXX_LIBRARY = "libc++";
				CLANG_ENABLE_MODULES = YES;
				CLANG_ENABLE_OBJC_ARC = YES;
				CLANG_WARN_BOOL_CONVERSION = YES;
				CLANG_WARN_CONSTANT_CONVERSION = YES;
				CLANG_WARN_DIRECT_OBJC_ISA_USAGE = YES_ERROR;
				CLANG_WARN_EMPTY_BODY = YES;
				CLANG_WARN_ENUM_CONVERSION = YES;
				CLANG_WARN_INT_CONVERSION = YES;
				CLANG_WARN_OBJC_ROOT_CLASS = YES_ERROR;
				CLANG_WARN_UNREACHABLE_CODE = YES;
				CLANG_WARN__DUPLICATE_METHOD_MATCH = YES;
				"CODE_SIGN_IDENTITY[sdk=iphoneos*]" = "iPhone Developer";
				COPY_PHASE_STRIP = NO;
				DEBUG_INFORMATION_FORMAT = "dwarf-with-dsym";
				ENABLE_NS_ASSERTIONS = NO;
				ENABLE_STRICT_OBJC_MSGSEND = YES;
				GCC_C_LANGUAGE_STANDARD = gnu99;
				GCC_NO_COMMON_BLOCKS = YES;
				GCC_WARN_64_TO_32_BIT_CONVERSION = YES;
				GCC_WARN_ABOUT_RETURN_TYPE = YES_ERROR;
				GCC_WARN_UNDECLARED_SELECTOR = YES;
				GCC_WARN_UNINITIALIZED_AUTOS = YES_AGGRESSIVE;
				GCC_WARN_UNUSED_FUNCTION = YES;
				GCC_WARN_UNUSED_VARIABLE = YES;
				IPHONEOS_DEPLOYMENT_TARGET = 9.1;
				MTL_ENABLE_DEBUG_INFO = NO;
				SDKROOT = iphoneos;
				VALIDATE_PRODUCT = YES;
			};
			name = Release;
		};
		8A9CD6151CF98A69006E40B7 /* Debug */ = {
			isa = XCBuildConfiguration;
			buildSettings = {
				ASSETCATALOG_COMPILER_APPICON_NAME = AppIcon;
				DEVELOPMENT_TEAM = "";
				INFOPLIST_FILE = "てtりs/Info.plist";
				IPHONEOS_DEPLOYMENT_TARGET = 10.2;
				LD_RUNPATH_SEARCH_PATHS = "$(inherited) @executable_path/Frameworks";
				PRODUCT_BUNDLE_IDENTIFIER = "com.litech.-t-s";
				PRODUCT_NAME = "$(TARGET_NAME)";
				SWIFT_VERSION = 3.0;
			};
			name = Debug;
		};
		8A9CD6161CF98A69006E40B7 /* Release */ = {
			isa = XCBuildConfiguration;
			buildSettings = {
				ASSETCATALOG_COMPILER_APPICON_NAME = AppIcon;
				DEVELOPMENT_TEAM = "";
				INFOPLIST_FILE = "てtりs/Info.plist";
				IPHONEOS_DEPLOYMENT_TARGET = 10.2;
				LD_RUNPATH_SEARCH_PATHS = "$(inherited) @executable_path/Frameworks";
				PRODUCT_BUNDLE_IDENTIFIER = "com.litech.-t-s";
				PRODUCT_NAME = "$(TARGET_NAME)";
				SWIFT_VERSION = 3.0;
			};
			name = Release;
		};
		8A9CD6181CF98A69006E40B7 /* Debug */ = {
			isa = XCBuildConfiguration;
			buildSettings = {
				BUNDLE_LOADER = "$(TEST_HOST)";
				INFOPLIST_FILE = "てtりsTests/Info.plist";
				LD_RUNPATH_SEARCH_PATHS = "$(inherited) @executable_path/Frameworks @loader_path/Frameworks";
				PRODUCT_BUNDLE_IDENTIFIER = "com.litech.-t-sTests";
				PRODUCT_NAME = "$(TARGET_NAME)";
				SWIFT_VERSION = 3.0;
				TEST_HOST = "$(BUILT_PRODUCTS_DIR)/てtりs.app/てtりs";
			};
			name = Debug;
		};
		8A9CD6191CF98A69006E40B7 /* Release */ = {
			isa = XCBuildConfiguration;
			buildSettings = {
				BUNDLE_LOADER = "$(TEST_HOST)";
				INFOPLIST_FILE = "てtりsTests/Info.plist";
				LD_RUNPATH_SEARCH_PATHS = "$(inherited) @executable_path/Frameworks @loader_path/Frameworks";
				PRODUCT_BUNDLE_IDENTIFIER = "com.litech.-t-sTests";
				PRODUCT_NAME = "$(TARGET_NAME)";
				SWIFT_VERSION = 3.0;
				TEST_HOST = "$(BUILT_PRODUCTS_DIR)/てtりs.app/てtりs";
			};
			name = Release;
		};
		8A9CD61B1CF98A69006E40B7 /* Debug */ = {
			isa = XCBuildConfiguration;
			buildSettings = {
				INFOPLIST_FILE = "てtりsUITests/Info.plist";
				LD_RUNPATH_SEARCH_PATHS = "$(inherited) @executable_path/Frameworks @loader_path/Frameworks";
				PRODUCT_BUNDLE_IDENTIFIER = "com.litech.-t-sUITests";
				PRODUCT_NAME = "$(TARGET_NAME)";
				SWIFT_VERSION = 3.0;
				TEST_TARGET_NAME = "てtりs";
				USES_XCTRUNNER = YES;
			};
			name = Debug;
		};
		8A9CD61C1CF98A69006E40B7 /* Release */ = {
			isa = XCBuildConfiguration;
			buildSettings = {
				INFOPLIST_FILE = "てtりsUITests/Info.plist";
				LD_RUNPATH_SEARCH_PATHS = "$(inherited) @executable_path/Frameworks @loader_path/Frameworks";
				PRODUCT_BUNDLE_IDENTIFIER = "com.litech.-t-sUITests";
				PRODUCT_NAME = "$(TARGET_NAME)";
				SWIFT_VERSION = 3.0;
				TEST_TARGET_NAME = "てtりs";
				USES_XCTRUNNER = YES;
			};
			name = Release;
		};
/* End XCBuildConfiguration section */

/* Begin XCConfigurationList section */
		8A9CD5E71CF98A69006E40B7 /* Build configuration list for PBXProject "てtりs" */ = {
			isa = XCConfigurationList;
			buildConfigurations = (
				8A9CD6121CF98A69006E40B7 /* Debug */,
				8A9CD6131CF98A69006E40B7 /* Release */,
			);
			defaultConfigurationIsVisible = 0;
			defaultConfigurationName = Release;
		};
		8A9CD6141CF98A69006E40B7 /* Build configuration list for PBXNativeTarget "てtりs" */ = {
			isa = XCConfigurationList;
			buildConfigurations = (
				8A9CD6151CF98A69006E40B7 /* Debug */,
				8A9CD6161CF98A69006E40B7 /* Release */,
			);
			defaultConfigurationIsVisible = 0;
			defaultConfigurationName = Release;
		};
		8A9CD6171CF98A69006E40B7 /* Build configuration list for PBXNativeTarget "てtりsTests" */ = {
			isa = XCConfigurationList;
			buildConfigurations = (
				8A9CD6181CF98A69006E40B7 /* Debug */,
				8A9CD6191CF98A69006E40B7 /* Release */,
			);
			defaultConfigurationIsVisible = 0;
			defaultConfigurationName = Release;
		};
		8A9CD61A1CF98A69006E40B7 /* Build configuration list for PBXNativeTarget "てtりsUITests" */ = {
			isa = XCConfigurationList;
			buildConfigurations = (
				8A9CD61B1CF98A69006E40B7 /* Debug */,
				8A9CD61C1CF98A69006E40B7 /* Release */,
			);
			defaultConfigurationIsVisible = 0;
			defaultConfigurationName = Release;
		};
/* End XCConfigurationList section */
	};
	rootObject = 8A9CD5E41CF98A69006E40B7 /* Project object */;
}
